
Microsoft Visual Studio Solution File, Format Version 12.00
# Visual Studio 15
VisualStudioVersion = 15.0.27130.2010
MinimumVisualStudioVersion = 10.0.40219.1
Project("{FAE04EC0-301F-11D3-BF4B-00C04F79EFBC}") = "AdapterDesignPattern", "AdapterDesignPattern\AdapterDesignPattern.csproj", "{DC847BB9-1A49-4137-8BAA-F31ECE136D7F}"
EndProject
Project("{FAE04EC0-301F-11D3-BF4B-00C04F79EFBC}") = "BridgeDesignPattern", "BridgeDesignPattern\BridgeDesignPattern.csproj", "{7BB3B2BB-F91B-401F-B504-31E603F40190}"
EndProject
Project("{FAE04EC0-301F-11D3-BF4B-00C04F79EFBC}") = "CompositeDesignPattern", "CompositeDesignPattern\CompositeDesignPattern.csproj", "{E6804F52-B215-428B-8414-BC718DBF4E97}"
EndProject
Project("{FAE04EC0-301F-11D3-BF4B-00C04F79EFBC}") = "DecoratorDesignPattern", "DecoratorDesignPattern\DecoratorDesignPattern.csproj", "{C943C6A5-2080-46E5-A2AC-FA39B6D99EE5}"
EndProject
Global
	GlobalSection(SolutionConfigurationPlatforms) = preSolution
		Debug|Any CPU = Debug|Any CPU
		Release|Any CPU = Release|Any CPU
	EndGlobalSection
	GlobalSection(ProjectConfigurationPlatforms) = postSolution
		{DC847BB9-1A49-4137-8BAA-F31ECE136D7F}.Debug|Any CPU.ActiveCfg = Debug|Any CPU
		{DC847BB9-1A49-4137-8BAA-F31ECE136D7F}.Debug|Any CPU.Build.0 = Debug|Any CPU
		{DC847BB9-1A49-4137-8BAA-F31ECE136D7F}.Release|Any CPU.ActiveCfg = Release|Any CPU
		{DC847BB9-1A49-4137-8BAA-F31ECE136D7F}.Release|Any CPU.Build.0 = Release|Any CPU
		{7BB3B2BB-F91B-401F-B504-31E603F40190}.Debug|Any CPU.ActiveCfg = Debug|Any CPU
		{7BB3B2BB-F91B-401F-B504-31E603F40190}.Debug|Any CPU.Build.0 = Debug|Any CPU
		{7BB3B2BB-F91B-401F-B504-31E603F40190}.Release|Any CPU.ActiveCfg = Release|Any CPU
		{7BB3B2BB-F91B-401F-B504-31E603F40190}.Release|Any CPU.Build.0 = Release|Any CPU
		{E6804F52-B215-428B-8414-BC718DBF4E97}.Debug|Any CPU.ActiveCfg = Debug|Any CPU
		{E6804F52-B215-428B-8414-BC718DBF4E97}.Debug|Any CPU.Build.0 = Debug|Any CPU
		{E6804F52-B215-428B-8414-BC718DBF4E97}.Release|Any CPU.ActiveCfg = Release|Any CPU
		{E6804F52-B215-428B-8414-BC718DBF4E97}.Release|Any CPU.Build.0 = Release|Any CPU
		{C943C6A5-2080-46E5-A2AC-FA39B6D99EE5}.Debug|Any CPU.ActiveCfg = Debug|Any CPU
		{C943C6A5-2080-46E5-A2AC-FA39B6D99EE5}.Debug|Any CPU.Build.0 = Debug|Any CPU
		{C943C6A5-2080-46E5-A2AC-FA39B6D99EE5}.Release|Any CPU.ActiveCfg = Release|Any CPU
		{C943C6A5-2080-46E5-A2AC-FA39B6D99EE5}.Release|Any CPU.Build.0 = Release|Any CPU
	EndGlobalSection
	GlobalSection(SolutionProperties) = preSolution
		HideSolutionNode = FALSE
	EndGlobalSection
	GlobalSection(ExtensibilityGlobals) = postSolution
		SolutionGuid = {8E8B9522-5ADA-44ED-A840-864A75CA0FD8}
	EndGlobalSection
	GlobalSection(TeamFoundationVersionControl) = preSolution
		SccNumberOfProjects = 5
		SccEnterpriseProvider = {4CA58AB2-18FA-4F8D-95D4-32DDF27D184C}
		SccTeamFoundationServer = https://sachsuraj.visualstudio.com/
		SccLocalPath0 = .
		SccProjectUniqueName1 = AdapterDesignPattern\\AdapterDesignPattern.csproj
		SccProjectName1 = AdapterDesignPattern
		SccLocalPath1 = AdapterDesignPattern
		SccProjectUniqueName2 = BridgeDesignPattern\\BridgeDesignPattern.csproj
		SccProjectName2 = BridgeDesignPattern
		SccLocalPath2 = BridgeDesignPattern
		SccProjectUniqueName3 = CompositeDesignPattern\\CompositeDesignPattern.csproj
		SccProjectName3 = CompositeDesignPattern
		SccLocalPath3 = CompositeDesignPattern
		SccProjectUniqueName4 = DecoratorDesignPattern\\DecoratorDesignPattern.csproj
		SccProjectName4 = DecoratorDesignPattern
		SccLocalPath4 = DecoratorDesignPattern
	EndGlobalSection
EndGlobal
