
Microsoft Visual Studio Solution File, Format Version 12.00
# Visual Studio 15
VisualStudioVersion = 15.0.27130.2010
MinimumVisualStudioVersion = 10.0.40219.1
Project("{FAE04EC0-301F-11D3-BF4B-00C04F79EFBC}") = "Web", "Web\Web.csproj", "{2AE06E89-C833-4070-8B3C-6B5C83B6BCAA}"
EndProject
Global
	GlobalSection(SolutionConfigurationPlatforms) = preSolution
		Debug|Any CPU = Debug|Any CPU
		Release|Any CPU = Release|Any CPU
	EndGlobalSection
	GlobalSection(ProjectConfigurationPlatforms) = postSolution
		{2AE06E89-C833-4070-8B3C-6B5C83B6BCAA}.Debug|Any CPU.ActiveCfg = Debug|Any CPU
		{2AE06E89-C833-4070-8B3C-6B5C83B6BCAA}.Debug|Any CPU.Build.0 = Debug|Any CPU
		{2AE06E89-C833-4070-8B3C-6B5C83B6BCAA}.Release|Any CPU.ActiveCfg = Release|Any CPU
		{2AE06E89-C833-4070-8B3C-6B5C83B6BCAA}.Release|Any CPU.Build.0 = Release|Any CPU
	EndGlobalSection
	GlobalSection(SolutionProperties) = preSolution
		HideSolutionNode = FALSE
	EndGlobalSection
	GlobalSection(ExtensibilityGlobals) = postSolution
		SolutionGuid = {38EF2CCA-29B3-463F-9F76-4B2F069C4FC7}
	EndGlobalSection
	GlobalSection(TeamFoundationVersionControl) = preSolution
		SccNumberOfProjects = 2
		SccEnterpriseProvider = {4CA58AB2-18FA-4F8D-95D4-32DDF27D184C}
		SccTeamFoundationServer = https://sachsuraj.visualstudio.com/
		SccLocalPath0 = .
		SccProjectUniqueName1 = Web\\Web.csproj
		SccProjectName1 = Web
		SccLocalPath1 = Web
	EndGlobalSection
EndGlobal
